// !$*UTF8*$!
{
	archiveVersion = 1;
	classes = {
	};
	objectVersion = 56;
	objects = {

/* Begin PBXBuildFile section */
		AB2246CC2A2257FA00FD9D8F /* AppDelegate.swift in Sources */ = {isa = PBXBuildFile; fileRef = AB2246CB2A2257FA00FD9D8F /* AppDelegate.swift */; };
		AB2246CE2A2257FA00FD9D8F /* SceneDelegate.swift in Sources */ = {isa = PBXBuildFile; fileRef = AB2246CD2A2257FA00FD9D8F /* SceneDelegate.swift */; };
		AB2246D02A2257FA00FD9D8F /* ReviewListViewController.swift in Sources */ = {isa = PBXBuildFile; fileRef = AB2246CF2A2257FA00FD9D8F /* ReviewListViewController.swift */; };
		AB2246D52A2257FB00FD9D8F /* Assets.xcassets in Resources */ = {isa = PBXBuildFile; fileRef = AB2246D42A2257FB00FD9D8F /* Assets.xcassets */; };
		AB2246D82A2257FB00FD9D8F /* LaunchScreen.storyboard in Resources */ = {isa = PBXBuildFile; fileRef = AB2246D62A2257FB00FD9D8F /* LaunchScreen.storyboard */; };
		AB2246E32A2257FB00FD9D8F /* ReviewListPresenterTests.swift in Sources */ = {isa = PBXBuildFile; fileRef = AB2246E22A2257FB00FD9D8F /* ReviewListPresenterTests.swift */; };
		AB2246ED2A2257FB00FD9D8F /* BookReviewUITests.swift in Sources */ = {isa = PBXBuildFile; fileRef = AB2246EC2A2257FB00FD9D8F /* BookReviewUITests.swift */; };
		AB2246EF2A2257FB00FD9D8F /* BookReviewUITestsLaunchTests.swift in Sources */ = {isa = PBXBuildFile; fileRef = AB2246EE2A2257FB00FD9D8F /* BookReviewUITestsLaunchTests.swift */; };
		AB2246FD2A22590E00FD9D8F /* SnapKit in Frameworks */ = {isa = PBXBuildFile; productRef = AB2246FC2A22590E00FD9D8F /* SnapKit */; };
		AB2247002A22591600FD9D8F /* Then in Frameworks */ = {isa = PBXBuildFile; productRef = AB2246FF2A22591600FD9D8F /* Then */; };
		AB2247032A22591E00FD9D8F /* Alamofire in Frameworks */ = {isa = PBXBuildFile; productRef = AB2247022A22591E00FD9D8F /* Alamofire */; };
		AB2247062A22592A00FD9D8F /* Kingfisher in Frameworks */ = {isa = PBXBuildFile; productRef = AB2247052A22592A00FD9D8F /* Kingfisher */; };
		AB22470A2A225AB300FD9D8F /* ReviewListPresenter.swift in Sources */ = {isa = PBXBuildFile; fileRef = AB2247092A225AB300FD9D8F /* ReviewListPresenter.swift */; };
		AB2247102A2263EA00FD9D8F /* UIView+.swift in Sources */ = {isa = PBXBuildFile; fileRef = AB22470F2A2263EA00FD9D8F /* UIView+.swift */; };
		AB2247132A231F6B00FD9D8F /* ReviewWriteViewController.swift in Sources */ = {isa = PBXBuildFile; fileRef = AB2247122A231F6B00FD9D8F /* ReviewWriteViewController.swift */; };
		AB2247152A231F7400FD9D8F /* ReviewWritePresenter.swift in Sources */ = {isa = PBXBuildFile; fileRef = AB2247142A231F7400FD9D8F /* ReviewWritePresenter.swift */; };
		AB6856412A246CF600CE8A2C /* SearchBookViewController.swift in Sources */ = {isa = PBXBuildFile; fileRef = AB6856402A246CF600CE8A2C /* SearchBookViewController.swift */; };
		AB6856432A246D0400CE8A2C /* SearchBookPresenter.swift in Sources */ = {isa = PBXBuildFile; fileRef = AB6856422A246D0400CE8A2C /* SearchBookPresenter.swift */; };
		ABACB3252A24CD2400E79B90 /* BookSearchRequestModel.swift in Sources */ = {isa = PBXBuildFile; fileRef = ABACB3242A24CD2300E79B90 /* BookSearchRequestModel.swift */; };
		ABACB3272A24CDDA00E79B90 /* BookSearchResponseModel.swift in Sources */ = {isa = PBXBuildFile; fileRef = ABACB3262A24CDDA00E79B90 /* BookSearchResponseModel.swift */; };
		ABACB3292A24CE8800E79B90 /* Book.swift in Sources */ = {isa = PBXBuildFile; fileRef = ABACB3282A24CE8800E79B90 /* Book.swift */; };
		ABACB32C2A24CECE00E79B90 /* BookSearchManager.swift in Sources */ = {isa = PBXBuildFile; fileRef = ABACB32B2A24CECE00E79B90 /* BookSearchManager.swift */; };
		ABACB32E2A24E3AE00E79B90 /* UserDefaultsManager.swift in Sources */ = {isa = PBXBuildFile; fileRef = ABACB32D2A24E3AE00E79B90 /* UserDefaultsManager.swift */; };
		ABACB3302A24E3BC00E79B90 /* BookReview.swift in Sources */ = {isa = PBXBuildFile; fileRef = ABACB32F2A24E3BC00E79B90 /* BookReview.swift */; };
		ABACB3322A24FC3300E79B90 /* MockReviewListViewController.swift in Sources */ = {isa = PBXBuildFile; fileRef = ABACB3312A24FC3300E79B90 /* MockReviewListViewController.swift */; };
		ABACB3342A24FC4000E79B90 /* MockUserDefaultsManager.swift in Sources */ = {isa = PBXBuildFile; fileRef = ABACB3332A24FC4000E79B90 /* MockUserDefaultsManager.swift */; };
/* End PBXBuildFile section */

/* Begin PBXContainerItemProxy section */
		AB2246DF2A2257FB00FD9D8F /* PBXContainerItemProxy */ = {
			isa = PBXContainerItemProxy;
			containerPortal = AB2246C02A2257FA00FD9D8F /* Project object */;
			proxyType = 1;
			remoteGlobalIDString = AB2246C72A2257FA00FD9D8F;
			remoteInfo = BookReview;
		};
		AB2246E92A2257FB00FD9D8F /* PBXContainerItemProxy */ = {
			isa = PBXContainerItemProxy;
			containerPortal = AB2246C02A2257FA00FD9D8F /* Project object */;
			proxyType = 1;
			remoteGlobalIDString = AB2246C72A2257FA00FD9D8F;
			remoteInfo = BookReview;
		};
/* End PBXContainerItemProxy section */

/* Begin PBXFileReference section */
		AB2246C82A2257FA00FD9D8F /* BookReview.app */ = {isa = PBXFileReference; explicitFileType = wrapper.application; includeInIndex = 0; path = BookReview.app; sourceTree = BUILT_PRODUCTS_DIR; };
		AB2246CB2A2257FA00FD9D8F /* AppDelegate.swift */ = {isa = PBXFileReference; lastKnownFileType = sourcecode.swift; path = AppDelegate.swift; sourceTree = "<group>"; };
		AB2246CD2A2257FA00FD9D8F /* SceneDelegate.swift */ = {isa = PBXFileReference; lastKnownFileType = sourcecode.swift; path = SceneDelegate.swift; sourceTree = "<group>"; };
		AB2246CF2A2257FA00FD9D8F /* ReviewListViewController.swift */ = {isa = PBXFileReference; lastKnownFileType = sourcecode.swift; path = ReviewListViewController.swift; sourceTree = "<group>"; };
		AB2246D42A2257FB00FD9D8F /* Assets.xcassets */ = {isa = PBXFileReference; lastKnownFileType = folder.assetcatalog; path = Assets.xcassets; sourceTree = "<group>"; };
		AB2246D72A2257FB00FD9D8F /* Base */ = {isa = PBXFileReference; lastKnownFileType = file.storyboard; name = Base; path = Base.lproj/LaunchScreen.storyboard; sourceTree = "<group>"; };
		AB2246D92A2257FB00FD9D8F /* Info.plist */ = {isa = PBXFileReference; lastKnownFileType = text.plist.xml; path = Info.plist; sourceTree = "<group>"; };
		AB2246DE2A2257FB00FD9D8F /* BookReviewTests.xctest */ = {isa = PBXFileReference; explicitFileType = wrapper.cfbundle; includeInIndex = 0; path = BookReviewTests.xctest; sourceTree = BUILT_PRODUCTS_DIR; };
		AB2246E22A2257FB00FD9D8F /* ReviewListPresenterTests.swift */ = {isa = PBXFileReference; lastKnownFileType = sourcecode.swift; path = ReviewListPresenterTests.swift; sourceTree = "<group>"; };
		AB2246E82A2257FB00FD9D8F /* BookReviewUITests.xctest */ = {isa = PBXFileReference; explicitFileType = wrapper.cfbundle; includeInIndex = 0; path = BookReviewUITests.xctest; sourceTree = BUILT_PRODUCTS_DIR; };
		AB2246EC2A2257FB00FD9D8F /* BookReviewUITests.swift */ = {isa = PBXFileReference; lastKnownFileType = sourcecode.swift; path = BookReviewUITests.swift; sourceTree = "<group>"; };
		AB2246EE2A2257FB00FD9D8F /* BookReviewUITestsLaunchTests.swift */ = {isa = PBXFileReference; lastKnownFileType = sourcecode.swift; path = BookReviewUITestsLaunchTests.swift; sourceTree = "<group>"; };
		AB2247092A225AB300FD9D8F /* ReviewListPresenter.swift */ = {isa = PBXFileReference; lastKnownFileType = sourcecode.swift; path = ReviewListPresenter.swift; sourceTree = "<group>"; };
		AB22470F2A2263EA00FD9D8F /* UIView+.swift */ = {isa = PBXFileReference; lastKnownFileType = sourcecode.swift; path = "UIView+.swift"; sourceTree = "<group>"; };
		AB2247122A231F6B00FD9D8F /* ReviewWriteViewController.swift */ = {isa = PBXFileReference; lastKnownFileType = sourcecode.swift; path = ReviewWriteViewController.swift; sourceTree = "<group>"; };
		AB2247142A231F7400FD9D8F /* ReviewWritePresenter.swift */ = {isa = PBXFileReference; lastKnownFileType = sourcecode.swift; path = ReviewWritePresenter.swift; sourceTree = "<group>"; };
		AB6856402A246CF600CE8A2C /* SearchBookViewController.swift */ = {isa = PBXFileReference; lastKnownFileType = sourcecode.swift; path = SearchBookViewController.swift; sourceTree = "<group>"; };
		AB6856422A246D0400CE8A2C /* SearchBookPresenter.swift */ = {isa = PBXFileReference; lastKnownFileType = sourcecode.swift; path = SearchBookPresenter.swift; sourceTree = "<group>"; };
		ABACB3242A24CD2300E79B90 /* BookSearchRequestModel.swift */ = {isa = PBXFileReference; lastKnownFileType = sourcecode.swift; path = BookSearchRequestModel.swift; sourceTree = "<group>"; };
		ABACB3262A24CDDA00E79B90 /* BookSearchResponseModel.swift */ = {isa = PBXFileReference; lastKnownFileType = sourcecode.swift; path = BookSearchResponseModel.swift; sourceTree = "<group>"; };
		ABACB3282A24CE8800E79B90 /* Book.swift */ = {isa = PBXFileReference; lastKnownFileType = sourcecode.swift; path = Book.swift; sourceTree = "<group>"; };
		ABACB32B2A24CECE00E79B90 /* BookSearchManager.swift */ = {isa = PBXFileReference; lastKnownFileType = sourcecode.swift; path = BookSearchManager.swift; sourceTree = "<group>"; };
		ABACB32D2A24E3AE00E79B90 /* UserDefaultsManager.swift */ = {isa = PBXFileReference; lastKnownFileType = sourcecode.swift; path = UserDefaultsManager.swift; sourceTree = "<group>"; };
		ABACB32F2A24E3BC00E79B90 /* BookReview.swift */ = {isa = PBXFileReference; lastKnownFileType = sourcecode.swift; path = BookReview.swift; sourceTree = "<group>"; };
		ABACB3312A24FC3300E79B90 /* MockReviewListViewController.swift */ = {isa = PBXFileReference; lastKnownFileType = sourcecode.swift; path = MockReviewListViewController.swift; sourceTree = "<group>"; };
		ABACB3332A24FC4000E79B90 /* MockUserDefaultsManager.swift */ = {isa = PBXFileReference; lastKnownFileType = sourcecode.swift; path = MockUserDefaultsManager.swift; sourceTree = "<group>"; };
		ABACB33A2A25018400E79B90 /* Config.xcconfig */ = {isa = PBXFileReference; lastKnownFileType = text.xcconfig; path = Config.xcconfig; sourceTree = "<group>"; };
/* End PBXFileReference section */

/* Begin PBXFrameworksBuildPhase section */
		AB2246C52A2257FA00FD9D8F /* Frameworks */ = {
			isa = PBXFrameworksBuildPhase;
			buildActionMask = 2147483647;
			files = (
				AB2247062A22592A00FD9D8F /* Kingfisher in Frameworks */,
				AB2247032A22591E00FD9D8F /* Alamofire in Frameworks */,
				AB2246FD2A22590E00FD9D8F /* SnapKit in Frameworks */,
				AB2247002A22591600FD9D8F /* Then in Frameworks */,
			);
			runOnlyForDeploymentPostprocessing = 0;
		};
		AB2246DB2A2257FB00FD9D8F /* Frameworks */ = {
			isa = PBXFrameworksBuildPhase;
			buildActionMask = 2147483647;
			files = (
			);
			runOnlyForDeploymentPostprocessing = 0;
		};
		AB2246E52A2257FB00FD9D8F /* Frameworks */ = {
			isa = PBXFrameworksBuildPhase;
			buildActionMask = 2147483647;
			files = (
			);
			runOnlyForDeploymentPostprocessing = 0;
		};
/* End PBXFrameworksBuildPhase section */

/* Begin PBXGroup section */
		AB2246BF2A2257FA00FD9D8F = {
			isa = PBXGroup;
			children = (
				AB2246CA2A2257FA00FD9D8F /* BookReview */,
				AB2246E12A2257FB00FD9D8F /* BookReviewTests */,
				AB2246EB2A2257FB00FD9D8F /* BookReviewUITests */,
				AB2246C92A2257FA00FD9D8F /* Products */,
			);
			sourceTree = "<group>";
		};
		AB2246C92A2257FA00FD9D8F /* Products */ = {
			isa = PBXGroup;
			children = (
				AB2246C82A2257FA00FD9D8F /* BookReview.app */,
				AB2246DE2A2257FB00FD9D8F /* BookReviewTests.xctest */,
				AB2246E82A2257FB00FD9D8F /* BookReviewUITests.xctest */,
			);
			name = Products;
			sourceTree = "<group>";
		};
		AB2246CA2A2257FA00FD9D8F /* BookReview */ = {
			isa = PBXGroup;
			children = (
				ABACB33A2A25018400E79B90 /* Config.xcconfig */,
				AB22470D2A2263DC00FD9D8F /* Global */,
				AB2247072A2259AC00FD9D8F /* Application */,
				AB2247082A225A5200FD9D8F /* Resource */,
				ABACB3232A24CD0D00E79B90 /* Model */,
				ABACB32A2A24CEB900E79B90 /* Manager */,
				AB22470B2A225ABD00FD9D8F /* Presentation */,
				AB2246D92A2257FB00FD9D8F /* Info.plist */,
			);
			path = BookReview;
			sourceTree = "<group>";
		};
		AB2246E12A2257FB00FD9D8F /* BookReviewTests */ = {
			isa = PBXGroup;
			children = (
				ABACB3352A24FCAC00E79B90 /* Test */,
				ABACB3362A24FCD900E79B90 /* Mock */,
			);
			path = BookReviewTests;
			sourceTree = "<group>";
		};
		AB2246EB2A2257FB00FD9D8F /* BookReviewUITests */ = {
			isa = PBXGroup;
			children = (
				AB2246EC2A2257FB00FD9D8F /* BookReviewUITests.swift */,
				AB2246EE2A2257FB00FD9D8F /* BookReviewUITestsLaunchTests.swift */,
			);
			path = BookReviewUITests;
			sourceTree = "<group>";
		};
		AB2247072A2259AC00FD9D8F /* Application */ = {
			isa = PBXGroup;
			children = (
				AB2246CB2A2257FA00FD9D8F /* AppDelegate.swift */,
				AB2246CD2A2257FA00FD9D8F /* SceneDelegate.swift */,
			);
			path = Application;
			sourceTree = "<group>";
		};
		AB2247082A225A5200FD9D8F /* Resource */ = {
			isa = PBXGroup;
			children = (
				AB2246D62A2257FB00FD9D8F /* LaunchScreen.storyboard */,
				AB2246D42A2257FB00FD9D8F /* Assets.xcassets */,
			);
			path = Resource;
			sourceTree = "<group>";
		};
		AB22470B2A225ABD00FD9D8F /* Presentation */ = {
			isa = PBXGroup;
			children = (
				AB22470C2A225ACA00FD9D8F /* ReviewList */,
				AB2247112A231F5B00FD9D8F /* ReviewWrite */,
				AB68563D2A246CBC00CE8A2C /* SearchBook */,
			);
			path = Presentation;
			sourceTree = "<group>";
		};
		AB22470C2A225ACA00FD9D8F /* ReviewList */ = {
			isa = PBXGroup;
			children = (
				AB2246CF2A2257FA00FD9D8F /* ReviewListViewController.swift */,
				AB2247092A225AB300FD9D8F /* ReviewListPresenter.swift */,
			);
			path = ReviewList;
			sourceTree = "<group>";
		};
		AB22470D2A2263DC00FD9D8F /* Global */ = {
			isa = PBXGroup;
			children = (
				AB22470E2A2263E400FD9D8F /* Extension */,
			);
			path = Global;
			sourceTree = "<group>";
		};
		AB22470E2A2263E400FD9D8F /* Extension */ = {
			isa = PBXGroup;
			children = (
				AB22470F2A2263EA00FD9D8F /* UIView+.swift */,
			);
			path = Extension;
			sourceTree = "<group>";
		};
		AB2247112A231F5B00FD9D8F /* ReviewWrite */ = {
			isa = PBXGroup;
			children = (
				AB2247122A231F6B00FD9D8F /* ReviewWriteViewController.swift */,
				AB2247142A231F7400FD9D8F /* ReviewWritePresenter.swift */,
			);
			path = ReviewWrite;
			sourceTree = "<group>";
		};
		AB68563D2A246CBC00CE8A2C /* SearchBook */ = {
			isa = PBXGroup;
			children = (
				AB6856402A246CF600CE8A2C /* SearchBookViewController.swift */,
				AB6856422A246D0400CE8A2C /* SearchBookPresenter.swift */,
			);
			path = SearchBook;
			sourceTree = "<group>";
		};
		ABACB3232A24CD0D00E79B90 /* Model */ = {
			isa = PBXGroup;
			children = (
				ABACB3282A24CE8800E79B90 /* Book.swift */,
				ABACB3242A24CD2300E79B90 /* BookSearchRequestModel.swift */,
				ABACB3262A24CDDA00E79B90 /* BookSearchResponseModel.swift */,
				ABACB32F2A24E3BC00E79B90 /* BookReview.swift */,
			);
			path = Model;
			sourceTree = "<group>";
		};
		ABACB32A2A24CEB900E79B90 /* Manager */ = {
			isa = PBXGroup;
			children = (
				ABACB32B2A24CECE00E79B90 /* BookSearchManager.swift */,
				ABACB32D2A24E3AE00E79B90 /* UserDefaultsManager.swift */,
			);
			path = Manager;
			sourceTree = "<group>";
		};
		ABACB3352A24FCAC00E79B90 /* Test */ = {
			isa = PBXGroup;
			children = (
				AB2246E22A2257FB00FD9D8F /* ReviewListPresenterTests.swift */,
			);
			path = Test;
			sourceTree = "<group>";
		};
		ABACB3362A24FCD900E79B90 /* Mock */ = {
			isa = PBXGroup;
			children = (
				ABACB3312A24FC3300E79B90 /* MockReviewListViewController.swift */,
				ABACB3332A24FC4000E79B90 /* MockUserDefaultsManager.swift */,
			);
			path = Mock;
			sourceTree = "<group>";
		};
/* End PBXGroup section */

/* Begin PBXNativeTarget section */
		AB2246C72A2257FA00FD9D8F /* BookReview */ = {
			isa = PBXNativeTarget;
			buildConfigurationList = AB2246F22A2257FB00FD9D8F /* Build configuration list for PBXNativeTarget "BookReview" */;
			buildPhases = (
				AB2246C42A2257FA00FD9D8F /* Sources */,
				AB2246C52A2257FA00FD9D8F /* Frameworks */,
				AB2246C62A2257FA00FD9D8F /* Resources */,
			);
			buildRules = (
			);
			dependencies = (
			);
			name = BookReview;
			packageProductDependencies = (
				AB2246FC2A22590E00FD9D8F /* SnapKit */,
				AB2246FF2A22591600FD9D8F /* Then */,
				AB2247022A22591E00FD9D8F /* Alamofire */,
				AB2247052A22592A00FD9D8F /* Kingfisher */,
			);
			productName = BookReview;
			productReference = AB2246C82A2257FA00FD9D8F /* BookReview.app */;
			productType = "com.apple.product-type.application";
		};
		AB2246DD2A2257FB00FD9D8F /* BookReviewTests */ = {
			isa = PBXNativeTarget;
			buildConfigurationList = AB2246F52A2257FB00FD9D8F /* Build configuration list for PBXNativeTarget "BookReviewTests" */;
			buildPhases = (
				AB2246DA2A2257FB00FD9D8F /* Sources */,
				AB2246DB2A2257FB00FD9D8F /* Frameworks */,
				AB2246DC2A2257FB00FD9D8F /* Resources */,
			);
			buildRules = (
			);
			dependencies = (
				AB2246E02A2257FB00FD9D8F /* PBXTargetDependency */,
			);
			name = BookReviewTests;
			productName = BookReviewTests;
			productReference = AB2246DE2A2257FB00FD9D8F /* BookReviewTests.xctest */;
			productType = "com.apple.product-type.bundle.unit-test";
		};
		AB2246E72A2257FB00FD9D8F /* BookReviewUITests */ = {
			isa = PBXNativeTarget;
			buildConfigurationList = AB2246F82A2257FB00FD9D8F /* Build configuration list for PBXNativeTarget "BookReviewUITests" */;
			buildPhases = (
				AB2246E42A2257FB00FD9D8F /* Sources */,
				AB2246E52A2257FB00FD9D8F /* Frameworks */,
				AB2246E62A2257FB00FD9D8F /* Resources */,
			);
			buildRules = (
			);
			dependencies = (
				AB2246EA2A2257FB00FD9D8F /* PBXTargetDependency */,
			);
			name = BookReviewUITests;
			productName = BookReviewUITests;
			productReference = AB2246E82A2257FB00FD9D8F /* BookReviewUITests.xctest */;
			productType = "com.apple.product-type.bundle.ui-testing";
		};
/* End PBXNativeTarget section */

/* Begin PBXProject section */
		AB2246C02A2257FA00FD9D8F /* Project object */ = {
			isa = PBXProject;
			attributes = {
				BuildIndependentTargetsInParallel = 1;
				LastSwiftUpdateCheck = 1430;
				LastUpgradeCheck = 1430;
				TargetAttributes = {
					AB2246C72A2257FA00FD9D8F = {
						CreatedOnToolsVersion = 14.3;
					};
					AB2246DD2A2257FB00FD9D8F = {
						CreatedOnToolsVersion = 14.3;
						TestTargetID = AB2246C72A2257FA00FD9D8F;
					};
					AB2246E72A2257FB00FD9D8F = {
						CreatedOnToolsVersion = 14.3;
						TestTargetID = AB2246C72A2257FA00FD9D8F;
					};
				};
			};
			buildConfigurationList = AB2246C32A2257FA00FD9D8F /* Build configuration list for PBXProject "BookReview" */;
			compatibilityVersion = "Xcode 14.0";
			developmentRegion = en;
			hasScannedForEncodings = 0;
			knownRegions = (
				en,
				Base,
			);
			mainGroup = AB2246BF2A2257FA00FD9D8F;
			packageReferences = (
				AB2246FB2A22590E00FD9D8F /* XCRemoteSwiftPackageReference "SnapKit" */,
				AB2246FE2A22591600FD9D8F /* XCRemoteSwiftPackageReference "Then" */,
				AB2247012A22591E00FD9D8F /* XCRemoteSwiftPackageReference "Alamofire" */,
				AB2247042A22592A00FD9D8F /* XCRemoteSwiftPackageReference "Kingfisher" */,
			);
			productRefGroup = AB2246C92A2257FA00FD9D8F /* Products */;
			projectDirPath = "";
			projectRoot = "";
			targets = (
				AB2246C72A2257FA00FD9D8F /* BookReview */,
				AB2246DD2A2257FB00FD9D8F /* BookReviewTests */,
				AB2246E72A2257FB00FD9D8F /* BookReviewUITests */,
			);
		};
/* End PBXProject section */

/* Begin PBXResourcesBuildPhase section */
		AB2246C62A2257FA00FD9D8F /* Resources */ = {
			isa = PBXResourcesBuildPhase;
			buildActionMask = 2147483647;
			files = (
				AB2246D82A2257FB00FD9D8F /* LaunchScreen.storyboard in Resources */,
				AB2246D52A2257FB00FD9D8F /* Assets.xcassets in Resources */,
			);
			runOnlyForDeploymentPostprocessing = 0;
		};
		AB2246DC2A2257FB00FD9D8F /* Resources */ = {
			isa = PBXResourcesBuildPhase;
			buildActionMask = 2147483647;
			files = (
			);
			runOnlyForDeploymentPostprocessing = 0;
		};
		AB2246E62A2257FB00FD9D8F /* Resources */ = {
			isa = PBXResourcesBuildPhase;
			buildActionMask = 2147483647;
			files = (
			);
			runOnlyForDeploymentPostprocessing = 0;
		};
/* End PBXResourcesBuildPhase section */

/* Begin PBXSourcesBuildPhase section */
		AB2246C42A2257FA00FD9D8F /* Sources */ = {
			isa = PBXSourcesBuildPhase;
			buildActionMask = 2147483647;
			files = (
				AB2246D02A2257FA00FD9D8F /* ReviewListViewController.swift in Sources */,
				ABACB32C2A24CECE00E79B90 /* BookSearchManager.swift in Sources */,
				AB6856412A246CF600CE8A2C /* SearchBookViewController.swift in Sources */,
				ABACB3252A24CD2400E79B90 /* BookSearchRequestModel.swift in Sources */,
				AB2246CC2A2257FA00FD9D8F /* AppDelegate.swift in Sources */,
				ABACB3302A24E3BC00E79B90 /* BookReview.swift in Sources */,
				AB2247132A231F6B00FD9D8F /* ReviewWriteViewController.swift in Sources */,
				AB22470A2A225AB300FD9D8F /* ReviewListPresenter.swift in Sources */,
				AB2246CE2A2257FA00FD9D8F /* SceneDelegate.swift in Sources */,
				ABACB3272A24CDDA00E79B90 /* BookSearchResponseModel.swift in Sources */,
				ABACB3292A24CE8800E79B90 /* Book.swift in Sources */,
				ABACB32E2A24E3AE00E79B90 /* UserDefaultsManager.swift in Sources */,
				AB2247152A231F7400FD9D8F /* ReviewWritePresenter.swift in Sources */,
				AB2247102A2263EA00FD9D8F /* UIView+.swift in Sources */,
				AB6856432A246D0400CE8A2C /* SearchBookPresenter.swift in Sources */,
			);
			runOnlyForDeploymentPostprocessing = 0;
		};
		AB2246DA2A2257FB00FD9D8F /* Sources */ = {
			isa = PBXSourcesBuildPhase;
			buildActionMask = 2147483647;
			files = (
				ABACB3322A24FC3300E79B90 /* MockReviewListViewController.swift in Sources */,
				AB2246E32A2257FB00FD9D8F /* ReviewListPresenterTests.swift in Sources */,
				ABACB3342A24FC4000E79B90 /* MockUserDefaultsManager.swift in Sources */,
			);
			runOnlyForDeploymentPostprocessing = 0;
		};
		AB2246E42A2257FB00FD9D8F /* Sources */ = {
			isa = PBXSourcesBuildPhase;
			buildActionMask = 2147483647;
			files = (
				AB2246ED2A2257FB00FD9D8F /* BookReviewUITests.swift in Sources */,
				AB2246EF2A2257FB00FD9D8F /* BookReviewUITestsLaunchTests.swift in Sources */,
			);
			runOnlyForDeploymentPostprocessing = 0;
		};
/* End PBXSourcesBuildPhase section */

/* Begin PBXTargetDependency section */
		AB2246E02A2257FB00FD9D8F /* PBXTargetDependency */ = {
			isa = PBXTargetDependency;
			target = AB2246C72A2257FA00FD9D8F /* BookReview */;
			targetProxy = AB2246DF2A2257FB00FD9D8F /* PBXContainerItemProxy */;
		};
		AB2246EA2A2257FB00FD9D8F /* PBXTargetDependency */ = {
			isa = PBXTargetDependency;
			target = AB2246C72A2257FA00FD9D8F /* BookReview */;
			targetProxy = AB2246E92A2257FB00FD9D8F /* PBXContainerItemProxy */;
		};
/* End PBXTargetDependency section */

/* Begin PBXVariantGroup section */
		AB2246D62A2257FB00FD9D8F /* LaunchScreen.storyboard */ = {
			isa = PBXVariantGroup;
			children = (
				AB2246D72A2257FB00FD9D8F /* Base */,
			);
			name = LaunchScreen.storyboard;
			sourceTree = "<group>";
		};
/* End PBXVariantGroup section */

/* Begin XCBuildConfiguration section */
		AB2246F02A2257FB00FD9D8F /* Debug */ = {
			isa = XCBuildConfiguration;
			baseConfigurationReference = ABACB33A2A25018400E79B90 /* Config.xcconfig */;
			buildSettings = {
				ALWAYS_SEARCH_USER_PATHS = NO;
				CLANG_ANALYZER_NONNULL = YES;
				CLANG_ANALYZER_NUMBER_OBJECT_CONVERSION = YES_AGGRESSIVE;
				CLANG_CXX_LANGUAGE_STANDARD = "gnu++20";
				CLANG_ENABLE_MODULES = YES;
				CLANG_ENABLE_OBJC_ARC = YES;
				CLANG_ENABLE_OBJC_WEAK = YES;
				CLANG_WARN_BLOCK_CAPTURE_AUTORELEASING = YES;
				CLANG_WARN_BOOL_CONVERSION = YES;
				CLANG_WARN_COMMA = YES;
				CLANG_WARN_CONSTANT_CONVERSION = YES;
				CLANG_WARN_DEPRECATED_OBJC_IMPLEMENTATIONS = YES;
				CLANG_WARN_DIRECT_OBJC_ISA_USAGE = YES_ERROR;
				CLANG_WARN_DOCUMENTATION_COMMENTS = YES;
				CLANG_WARN_EMPTY_BODY = YES;
				CLANG_WARN_ENUM_CONVERSION = YES;
				CLANG_WARN_INFINITE_RECURSION = YES;
				CLANG_WARN_INT_CONVERSION = YES;
				CLANG_WARN_NON_LITERAL_NULL_CONVERSION = YES;
				CLANG_WARN_OBJC_IMPLICIT_RETAIN_SELF = YES;
				CLANG_WARN_OBJC_LITERAL_CONVERSION = YES;
				CLANG_WARN_OBJC_ROOT_CLASS = YES_ERROR;
				CLANG_WARN_QUOTED_INCLUDE_IN_FRAMEWORK_HEADER = YES;
				CLANG_WARN_RANGE_LOOP_ANALYSIS = YES;
				CLANG_WARN_STRICT_PROTOTYPES = YES;
				CLANG_WARN_SUSPICIOUS_MOVE = YES;
				CLANG_WARN_UNGUARDED_AVAILABILITY = YES_AGGRESSIVE;
				CLANG_WARN_UNREACHABLE_CODE = YES;
				CLANG_WARN__DUPLICATE_METHOD_MATCH = YES;
				COPY_PHASE_STRIP = NO;
				DEBUG_INFORMATION_FORMAT = dwarf;
				ENABLE_STRICT_OBJC_MSGSEND = YES;
				ENABLE_TESTABILITY = YES;
				GCC_C_LANGUAGE_STANDARD = gnu11;
				GCC_DYNAMIC_NO_PIC = NO;
				GCC_NO_COMMON_BLOCKS = YES;
				GCC_OPTIMIZATION_LEVEL = 0;
				GCC_PREPROCESSOR_DEFINITIONS = (
					"DEBUG=1",
					"$(inherited)",
				);
				GCC_WARN_64_TO_32_BIT_CONVERSION = YES;
				GCC_WARN_ABOUT_RETURN_TYPE = YES_ERROR;
				GCC_WARN_UNDECLARED_SELECTOR = YES;
				GCC_WARN_UNINITIALIZED_AUTOS = YES_AGGRESSIVE;
				GCC_WARN_UNUSED_FUNCTION = YES;
				GCC_WARN_UNUSED_VARIABLE = YES;
				IPHONEOS_DEPLOYMENT_TARGET = 16.4;
				MTL_ENABLE_DEBUG_INFO = INCLUDE_SOURCE;
				MTL_FAST_MATH = YES;
				ONLY_ACTIVE_ARCH = YES;
				SDKROOT = iphoneos;
				SWIFT_ACTIVE_COMPILATION_CONDITIONS = DEBUG;
				SWIFT_OPTIMIZATION_LEVEL = "-Onone";
			};
			name = Debug;
		};
		AB2246F12A2257FB00FD9D8F /* Release */ = {
			isa = XCBuildConfiguration;
			buildSettings = {
				ALWAYS_SEARCH_USER_PATHS = NO;
				CLANG_ANALYZER_NONNULL = YES;
				CLANG_ANALYZER_NUMBER_OBJECT_CONVERSION = YES_AGGRESSIVE;
				CLANG_CXX_LANGUAGE_STANDARD = "gnu++20";
				CLANG_ENABLE_MODULES = YES;
				CLANG_ENABLE_OBJC_ARC = YES;
				CLANG_ENABLE_OBJC_WEAK = YES;
				CLANG_WARN_BLOCK_CAPTURE_AUTORELEASING = YES;
				CLANG_WARN_BOOL_CONVERSION = YES;
				CLANG_WARN_COMMA = YES;
				CLANG_WARN_CONSTANT_CONVERSION = YES;
				CLANG_WARN_DEPRECATED_OBJC_IMPLEMENTATIONS = YES;
				CLANG_WARN_DIRECT_OBJC_ISA_USAGE = YES_ERROR;
				CLANG_WARN_DOCUMENTATION_COMMENTS = YES;
				CLANG_WARN_EMPTY_BODY = YES;
				CLANG_WARN_ENUM_CONVERSION = YES;
				CLANG_WARN_INFINITE_RECURSION = YES;
				CLANG_WARN_INT_CONVERSION = YES;
				CLANG_WARN_NON_LITERAL_NULL_CONVERSION = YES;
				CLANG_WARN_OBJC_IMPLICIT_RETAIN_SELF = YES;
				CLANG_WARN_OBJC_LITERAL_CONVERSION = YES;
				CLANG_WARN_OBJC_ROOT_CLASS = YES_ERROR;
				CLANG_WARN_QUOTED_INCLUDE_IN_FRAMEWORK_HEADER = YES;
				CLANG_WARN_RANGE_LOOP_ANALYSIS = YES;
				CLANG_WARN_STRICT_PROTOTYPES = YES;
				CLANG_WARN_SUSPICIOUS_MOVE = YES;
				CLANG_WARN_UNGUARDED_AVAILABILITY = YES_AGGRESSIVE;
				CLANG_WARN_UNREACHABLE_CODE = YES;
				CLANG_WARN__DUPLICATE_METHOD_MATCH = YES;
				COPY_PHASE_STRIP = NO;
				DEBUG_INFORMATION_FORMAT = "dwarf-with-dsym";
				ENABLE_NS_ASSERTIONS = NO;
				ENABLE_STRICT_OBJC_MSGSEND = YES;
				GCC_C_LANGUAGE_STANDARD = gnu11;
				GCC_NO_COMMON_BLOCKS = YES;
				GCC_WARN_64_TO_32_BIT_CONVERSION = YES;
				GCC_WARN_ABOUT_RETURN_TYPE = YES_ERROR;
				GCC_WARN_UNDECLARED_SELECTOR = YES;
				GCC_WARN_UNINITIALIZED_AUTOS = YES_AGGRESSIVE;
				GCC_WARN_UNUSED_FUNCTION = YES;
				GCC_WARN_UNUSED_VARIABLE = YES;
				IPHONEOS_DEPLOYMENT_TARGET = 16.4;
				MTL_ENABLE_DEBUG_INFO = NO;
				MTL_FAST_MATH = YES;
				SDKROOT = iphoneos;
				SWIFT_COMPILATION_MODE = wholemodule;
				SWIFT_OPTIMIZATION_LEVEL = "-O";
				VALIDATE_PRODUCT = YES;
			};
			name = Release;
		};
		AB2246F32A2257FB00FD9D8F /* Debug */ = {
			isa = XCBuildConfiguration;
			baseConfigurationReference = ABACB33A2A25018400E79B90 /* Config.xcconfig */;
			buildSettings = {
				ASSETCATALOG_COMPILER_APPICON_NAME = AppIcon;
				ASSETCATALOG_COMPILER_GLOBAL_ACCENT_COLOR_NAME = AccentColor;
				CODE_SIGN_STYLE = Automatic;
				CURRENT_PROJECT_VERSION = 1;
				DEVELOPMENT_TEAM = N3H5YNSQ64;
				GENERATE_INFOPLIST_FILE = YES;
				INFOPLIST_FILE = BookReview/Info.plist;
				INFOPLIST_KEY_UIApplicationSupportsIndirectInputEvents = YES;
				INFOPLIST_KEY_UILaunchStoryboardName = LaunchScreen;
				INFOPLIST_KEY_UISupportedInterfaceOrientations_iPad = "UIInterfaceOrientationPortrait UIInterfaceOrientationPortraitUpsideDown UIInterfaceOrientationLandscapeLeft UIInterfaceOrientationLandscapeRight";
				INFOPLIST_KEY_UISupportedInterfaceOrientations_iPhone = "UIInterfaceOrientationPortrait UIInterfaceOrientationLandscapeLeft UIInterfaceOrientationLandscapeRight";
				LD_RUNPATH_SEARCH_PATHS = (
					"$(inherited)",
					"@executable_path/Frameworks",
				);
				MARKETING_VERSION = 1.0;
				PRODUCT_BUNDLE_IDENTIFIER = min.BookReview;
				PRODUCT_NAME = "$(TARGET_NAME)";
				SWIFT_EMIT_LOC_STRINGS = YES;
				SWIFT_VERSION = 5.0;
				TARGETED_DEVICE_FAMILY = "1,2";
			};
			name = Debug;
		};
		AB2246F42A2257FB00FD9D8F /* Release */ = {
			isa = XCBuildConfiguration;
			buildSettings = {
				ASSETCATALOG_COMPILER_APPICON_NAME = AppIcon;
				ASSETCATALOG_COMPILER_GLOBAL_ACCENT_COLOR_NAME = AccentColor;
				CODE_SIGN_STYLE = Automatic;
				CURRENT_PROJECT_VERSION = 1;
				DEVELOPMENT_TEAM = N3H5YNSQ64;
				GENERATE_INFOPLIST_FILE = YES;
				INFOPLIST_FILE = BookReview/Info.plist;
				INFOPLIST_KEY_UIApplicationSupportsIndirectInputEvents = YES;
				INFOPLIST_KEY_UILaunchStoryboardName = LaunchScreen;
				INFOPLIST_KEY_UISupportedInterfaceOrientations_iPad = "UIInterfaceOrientationPortrait UIInterfaceOrientationPortraitUpsideDown UIInterfaceOrientationLandscapeLeft UIInterfaceOrientationLandscapeRight";
				INFOPLIST_KEY_UISupportedInterfaceOrientations_iPhone = "UIInterfaceOrientationPortrait UIInterfaceOrientationLandscapeLeft UIInterfaceOrientationLandscapeRight";
				LD_RUNPATH_SEARCH_PATHS = (
					"$(inherited)",
					"@executable_path/Frameworks",
				);
				MARKETING_VERSION = 1.0;
				PRODUCT_BUNDLE_IDENTIFIER = min.BookReview;
				PRODUCT_NAME = "$(TARGET_NAME)";
				SWIFT_EMIT_LOC_STRINGS = YES;
				SWIFT_VERSION = 5.0;
				TARGETED_DEVICE_FAMILY = "1,2";
			};
			name = Release;
		};
		AB2246F62A2257FB00FD9D8F /* Debug */ = {
			isa = XCBuildConfiguration;
			baseConfigurationReference = ABACB33A2A25018400E79B90 /* Config.xcconfig */;
			buildSettings = {
				ALWAYS_EMBED_SWIFT_STANDARD_LIBRARIES = YES;
				BUNDLE_LOADER = "$(TEST_HOST)";
				CODE_SIGN_STYLE = Automatic;
				CURRENT_PROJECT_VERSION = 1;
				DEVELOPMENT_TEAM = N3H5YNSQ64;
				GENERATE_INFOPLIST_FILE = YES;
				IPHONEOS_DEPLOYMENT_TARGET = 16.4;
				MARKETING_VERSION = 1.0;
				PRODUCT_BUNDLE_IDENTIFIER = min.BookReviewTests;
				PRODUCT_NAME = "$(TARGET_NAME)";
				SWIFT_EMIT_LOC_STRINGS = NO;
				SWIFT_VERSION = 5.0;
				TARGETED_DEVICE_FAMILY = "1,2";
				TEST_HOST = "$(BUILT_PRODUCTS_DIR)/BookReview.app/$(BUNDLE_EXECUTABLE_FOLDER_PATH)/BookReview";
			};
			name = Debug;
		};
		AB2246F72A2257FB00FD9D8F /* Release */ = {
			isa = XCBuildConfiguration;
			buildSettings = {
				ALWAYS_EMBED_SWIFT_STANDARD_LIBRARIES = YES;
				BUNDLE_LOADER = "$(TEST_HOST)";
				CODE_SIGN_STYLE = Automatic;
				CURRENT_PROJECT_VERSION = 1;
				DEVELOPMENT_TEAM = N3H5YNSQ64;
				GENERATE_INFOPLIST_FILE = YES;
				IPHONEOS_DEPLOYMENT_TARGET = 16.4;
				MARKETING_VERSION = 1.0;
				PRODUCT_BUNDLE_IDENTIFIER = min.BookReviewTests;
				PRODUCT_NAME = "$(TARGET_NAME)";
				SWIFT_EMIT_LOC_STRINGS = NO;
				SWIFT_VERSION = 5.0;
				TARGETED_DEVICE_FAMILY = "1,2";
				TEST_HOST = "$(BUILT_PRODUCTS_DIR)/BookReview.app/$(BUNDLE_EXECUTABLE_FOLDER_PATH)/BookReview";
			};
			name = Release;
		};
		AB2246F92A2257FB00FD9D8F /* Debug */ = {
			isa = XCBuildConfiguration;
			buildSettings = {
				ALWAYS_EMBED_SWIFT_STANDARD_LIBRARIES = YES;
				CODE_SIGN_STYLE = Automatic;
				CURRENT_PROJECT_VERSION = 1;
				DEVELOPMENT_TEAM = N3H5YNSQ64;
				GENERATE_INFOPLIST_FILE = YES;
				MARKETING_VERSION = 1.0;
				PRODUCT_BUNDLE_IDENTIFIER = min.BookReviewUITests;
				PRODUCT_NAME = "$(TARGET_NAME)";
				SWIFT_EMIT_LOC_STRINGS = NO;
				SWIFT_VERSION = 5.0;
				TARGETED_DEVICE_FAMILY = "1,2";
				TEST_TARGET_NAME = BookReview;
			};
			name = Debug;
		};
		AB2246FA2A2257FB00FD9D8F /* Release */ = {
			isa = XCBuildConfiguration;
			buildSettings = {
				ALWAYS_EMBED_SWIFT_STANDARD_LIBRARIES = YES;
				CODE_SIGN_STYLE = Automatic;
				CURRENT_PROJECT_VERSION = 1;
				DEVELOPMENT_TEAM = N3H5YNSQ64;
				GENERATE_INFOPLIST_FILE = YES;
				MARKETING_VERSION = 1.0;
				PRODUCT_BUNDLE_IDENTIFIER = min.BookReviewUITests;
				PRODUCT_NAME = "$(TARGET_NAME)";
				SWIFT_EMIT_LOC_STRINGS = NO;
				SWIFT_VERSION = 5.0;
				TARGETED_DEVICE_FAMILY = "1,2";
				TEST_TARGET_NAME = BookReview;
			};
			name = Release;
		};
/* End XCBuildConfiguration section */

/* Begin XCConfigurationList section */
		AB2246C32A2257FA00FD9D8F /* Build configuration list for PBXProject "BookReview" */ = {
			isa = XCConfigurationList;
			buildConfigurations = (
				AB2246F02A2257FB00FD9D8F /* Debug */,
				AB2246F12A2257FB00FD9D8F /* Release */,
			);
			defaultConfigurationIsVisible = 0;
			defaultConfigurationName = Release;
		};
		AB2246F22A2257FB00FD9D8F /* Build configuration list for PBXNativeTarget "BookReview" */ = {
			isa = XCConfigurationList;
			buildConfigurations = (
				AB2246F32A2257FB00FD9D8F /* Debug */,
				AB2246F42A2257FB00FD9D8F /* Release */,
			);
			defaultConfigurationIsVisible = 0;
			defaultConfigurationName = Release;
		};
		AB2246F52A2257FB00FD9D8F /* Build configuration list for PBXNativeTarget "BookReviewTests" */ = {
			isa = XCConfigurationList;
			buildConfigurations = (
				AB2246F62A2257FB00FD9D8F /* Debug */,
				AB2246F72A2257FB00FD9D8F /* Release */,
			);
			defaultConfigurationIsVisible = 0;
			defaultConfigurationName = Release;
		};
		AB2246F82A2257FB00FD9D8F /* Build configuration list for PBXNativeTarget "BookReviewUITests" */ = {
			isa = XCConfigurationList;
			buildConfigurations = (
				AB2246F92A2257FB00FD9D8F /* Debug */,
				AB2246FA2A2257FB00FD9D8F /* Release */,
			);
			defaultConfigurationIsVisible = 0;
			defaultConfigurationName = Release;
		};
/* End XCConfigurationList section */

/* Begin XCRemoteSwiftPackageReference section */
		AB2246FB2A22590E00FD9D8F /* XCRemoteSwiftPackageReference "SnapKit" */ = {
			isa = XCRemoteSwiftPackageReference;
			repositoryURL = "https://github.com/SnapKit/SnapKit";
			requirement = {
				kind = upToNextMajorVersion;
				minimumVersion = 5.0.0;
			};
		};
		AB2246FE2A22591600FD9D8F /* XCRemoteSwiftPackageReference "Then" */ = {
			isa = XCRemoteSwiftPackageReference;
			repositoryURL = "https://github.com/devxoul/Then";
			requirement = {
				kind = upToNextMajorVersion;
				minimumVersion = 3.0.0;
			};
		};
		AB2247012A22591E00FD9D8F /* XCRemoteSwiftPackageReference "Alamofire" */ = {
			isa = XCRemoteSwiftPackageReference;
			repositoryURL = "https://github.com/Alamofire/Alamofire.git";
			requirement = {
				kind = upToNextMajorVersion;
				minimumVersion = 5.0.0;
			};
		};
		AB2247042A22592A00FD9D8F /* XCRemoteSwiftPackageReference "Kingfisher" */ = {
			isa = XCRemoteSwiftPackageReference;
			repositoryURL = "https://github.com/onevcat/Kingfisher.git";
			requirement = {
				kind = upToNextMajorVersion;
				minimumVersion = 7.0.0;
			};
		};
/* End XCRemoteSwiftPackageReference section */

/* Begin XCSwiftPackageProductDependency section */
		AB2246FC2A22590E00FD9D8F /* SnapKit */ = {
			isa = XCSwiftPackageProductDependency;
			package = AB2246FB2A22590E00FD9D8F /* XCRemoteSwiftPackageReference "SnapKit" */;
			productName = SnapKit;
		};
		AB2246FF2A22591600FD9D8F /* Then */ = {
			isa = XCSwiftPackageProductDependency;
			package = AB2246FE2A22591600FD9D8F /* XCRemoteSwiftPackageReference "Then" */;
			productName = Then;
		};
		AB2247022A22591E00FD9D8F /* Alamofire */ = {
			isa = XCSwiftPackageProductDependency;
			package = AB2247012A22591E00FD9D8F /* XCRemoteSwiftPackageReference "Alamofire" */;
			productName = Alamofire;
		};
		AB2247052A22592A00FD9D8F /* Kingfisher */ = {
			isa = XCSwiftPackageProductDependency;
			package = AB2247042A22592A00FD9D8F /* XCRemoteSwiftPackageReference "Kingfisher" */;
			productName = Kingfisher;
		};
/* End XCSwiftPackageProductDependency section */
	};
	rootObject = AB2246C02A2257FA00FD9D8F /* Project object */;
}
